
Microsoft Visual Studio Solution File, Format Version 12.00
# Visual Studio 15
VisualStudioVersion = 15.0.26124.0
MinimumVisualStudioVersion = 15.0.26124.0
Project("{2150E333-8FDC-42A3-9474-1A3956D46DE8}") = "src", "src", "{87F6C079-CBD7-4866-BDEB-CBDEA9E51D2A}"
EndProject
Project("{6EC3EE1D-3C4E-46DD-8F32-0CC8E7565705}") = "ServiceApp.Server", "src\ServiceApp.Server\ServiceApp.Server.fsproj", "{4E2AA925-4694-4593-ADBC-F349D269587A}"
EndProject
Project("{6EC3EE1D-3C4E-46DD-8F32-0CC8E7565705}") = "ServiceApp.Client", "src\ServiceApp.Client\ServiceApp.Client.fsproj", "{1481BBD6-A6DA-4912-A03A-134880D14701}"
EndProject
Project("{F2A71F9B-5D33-465A-A702-920D77279786}") = "ServiceApp.Calendar", "src\ServiceApp.Calendar\ServiceApp.Calendar.fsproj", "{EBA3282F-7531-4747-9BB3-E4B1868B52B9}"
EndProject
Project("{F2A71F9B-5D33-465A-A702-920D77279786}") = "ServiceApp.DB", "src\ServiceApp.DB\ServiceApp.DB.fsproj", "{6C8EAE07-A1D8-4B47-A984-17A2477C1E0A}"
EndProject
Project("{F2A71F9B-5D33-465A-A702-920D77279786}") = "ServiceApp.Calendar.Tests", "src\ServiceApp.Calendar.Tests\ServiceApp.Calendar.Tests.fsproj", "{8A91C8C7-2AF5-4236-B032-7C9C8D941943}"
EndProject
Project("{F2A71F9B-5D33-465A-A702-920D77279786}") = "ServiceApp.Product", "src\ServiceApp.Product\ServiceApp.Product.fsproj", "{07834289-AEBE-443B-8B38-6F5692E94350}"
EndProject
Global
	GlobalSection(SolutionConfigurationPlatforms) = preSolution
		Debug|Any CPU = Debug|Any CPU
		Debug|x64 = Debug|x64
		Debug|x86 = Debug|x86
		Release|Any CPU = Release|Any CPU
		Release|x64 = Release|x64
		Release|x86 = Release|x86
	EndGlobalSection
	GlobalSection(ProjectConfigurationPlatforms) = postSolution
		{4E2AA925-4694-4593-ADBC-F349D269587A}.Debug|Any CPU.ActiveCfg = Debug|Any CPU
		{4E2AA925-4694-4593-ADBC-F349D269587A}.Debug|Any CPU.Build.0 = Debug|Any CPU
		{4E2AA925-4694-4593-ADBC-F349D269587A}.Debug|x64.ActiveCfg = Debug|Any CPU
		{4E2AA925-4694-4593-ADBC-F349D269587A}.Debug|x64.Build.0 = Debug|Any CPU
		{4E2AA925-4694-4593-ADBC-F349D269587A}.Debug|x86.ActiveCfg = Debug|Any CPU
		{4E2AA925-4694-4593-ADBC-F349D269587A}.Debug|x86.Build.0 = Debug|Any CPU
		{4E2AA925-4694-4593-ADBC-F349D269587A}.Release|Any CPU.ActiveCfg = Release|Any CPU
		{4E2AA925-4694-4593-ADBC-F349D269587A}.Release|Any CPU.Build.0 = Release|Any CPU
		{4E2AA925-4694-4593-ADBC-F349D269587A}.Release|x64.ActiveCfg = Release|Any CPU
		{4E2AA925-4694-4593-ADBC-F349D269587A}.Release|x64.Build.0 = Release|Any CPU
		{4E2AA925-4694-4593-ADBC-F349D269587A}.Release|x86.ActiveCfg = Release|Any CPU
		{4E2AA925-4694-4593-ADBC-F349D269587A}.Release|x86.Build.0 = Release|Any CPU
		{1481BBD6-A6DA-4912-A03A-134880D14701}.Debug|Any CPU.ActiveCfg = Debug|Any CPU
		{1481BBD6-A6DA-4912-A03A-134880D14701}.Debug|Any CPU.Build.0 = Debug|Any CPU
		{1481BBD6-A6DA-4912-A03A-134880D14701}.Debug|x64.ActiveCfg = Debug|Any CPU
		{1481BBD6-A6DA-4912-A03A-134880D14701}.Debug|x64.Build.0 = Debug|Any CPU
		{1481BBD6-A6DA-4912-A03A-134880D14701}.Debug|x86.ActiveCfg = Debug|Any CPU
		{1481BBD6-A6DA-4912-A03A-134880D14701}.Debug|x86.Build.0 = Debug|Any CPU
		{1481BBD6-A6DA-4912-A03A-134880D14701}.Release|Any CPU.ActiveCfg = Release|Any CPU
		{1481BBD6-A6DA-4912-A03A-134880D14701}.Release|Any CPU.Build.0 = Release|Any CPU
		{1481BBD6-A6DA-4912-A03A-134880D14701}.Release|x64.ActiveCfg = Release|Any CPU
		{1481BBD6-A6DA-4912-A03A-134880D14701}.Release|x64.Build.0 = Release|Any CPU
		{1481BBD6-A6DA-4912-A03A-134880D14701}.Release|x86.ActiveCfg = Release|Any CPU
		{1481BBD6-A6DA-4912-A03A-134880D14701}.Release|x86.Build.0 = Release|Any CPU
		{EBA3282F-7531-4747-9BB3-E4B1868B52B9}.Debug|Any CPU.ActiveCfg = Debug|Any CPU
		{EBA3282F-7531-4747-9BB3-E4B1868B52B9}.Debug|Any CPU.Build.0 = Debug|Any CPU
		{EBA3282F-7531-4747-9BB3-E4B1868B52B9}.Debug|x64.ActiveCfg = Debug|Any CPU
		{EBA3282F-7531-4747-9BB3-E4B1868B52B9}.Debug|x64.Build.0 = Debug|Any CPU
		{EBA3282F-7531-4747-9BB3-E4B1868B52B9}.Debug|x86.ActiveCfg = Debug|Any CPU
		{EBA3282F-7531-4747-9BB3-E4B1868B52B9}.Debug|x86.Build.0 = Debug|Any CPU
		{EBA3282F-7531-4747-9BB3-E4B1868B52B9}.Release|Any CPU.ActiveCfg = Release|Any CPU
		{EBA3282F-7531-4747-9BB3-E4B1868B52B9}.Release|Any CPU.Build.0 = Release|Any CPU
		{EBA3282F-7531-4747-9BB3-E4B1868B52B9}.Release|x64.ActiveCfg = Release|Any CPU
		{EBA3282F-7531-4747-9BB3-E4B1868B52B9}.Release|x64.Build.0 = Release|Any CPU
		{EBA3282F-7531-4747-9BB3-E4B1868B52B9}.Release|x86.ActiveCfg = Release|Any CPU
		{EBA3282F-7531-4747-9BB3-E4B1868B52B9}.Release|x86.Build.0 = Release|Any CPU
		{6C8EAE07-A1D8-4B47-A984-17A2477C1E0A}.Debug|Any CPU.ActiveCfg = Debug|Any CPU
		{6C8EAE07-A1D8-4B47-A984-17A2477C1E0A}.Debug|Any CPU.Build.0 = Debug|Any CPU
		{6C8EAE07-A1D8-4B47-A984-17A2477C1E0A}.Debug|x64.ActiveCfg = Debug|Any CPU
		{6C8EAE07-A1D8-4B47-A984-17A2477C1E0A}.Debug|x64.Build.0 = Debug|Any CPU
		{6C8EAE07-A1D8-4B47-A984-17A2477C1E0A}.Debug|x86.ActiveCfg = Debug|Any CPU
		{6C8EAE07-A1D8-4B47-A984-17A2477C1E0A}.Debug|x86.Build.0 = Debug|Any CPU
		{6C8EAE07-A1D8-4B47-A984-17A2477C1E0A}.Release|Any CPU.ActiveCfg = Release|Any CPU
		{6C8EAE07-A1D8-4B47-A984-17A2477C1E0A}.Release|Any CPU.Build.0 = Release|Any CPU
		{6C8EAE07-A1D8-4B47-A984-17A2477C1E0A}.Release|x64.ActiveCfg = Release|Any CPU
		{6C8EAE07-A1D8-4B47-A984-17A2477C1E0A}.Release|x64.Build.0 = Release|Any CPU
		{6C8EAE07-A1D8-4B47-A984-17A2477C1E0A}.Release|x86.ActiveCfg = Release|Any CPU
		{6C8EAE07-A1D8-4B47-A984-17A2477C1E0A}.Release|x86.Build.0 = Release|Any CPU
		{8A91C8C7-2AF5-4236-B032-7C9C8D941943}.Debug|Any CPU.ActiveCfg = Debug|Any CPU
		{8A91C8C7-2AF5-4236-B032-7C9C8D941943}.Debug|Any CPU.Build.0 = Debug|Any CPU
		{8A91C8C7-2AF5-4236-B032-7C9C8D941943}.Debug|x64.ActiveCfg = Debug|Any CPU
		{8A91C8C7-2AF5-4236-B032-7C9C8D941943}.Debug|x64.Build.0 = Debug|Any CPU
		{8A91C8C7-2AF5-4236-B032-7C9C8D941943}.Debug|x86.ActiveCfg = Debug|Any CPU
		{8A91C8C7-2AF5-4236-B032-7C9C8D941943}.Debug|x86.Build.0 = Debug|Any CPU
		{8A91C8C7-2AF5-4236-B032-7C9C8D941943}.Release|Any CPU.ActiveCfg = Release|Any CPU
		{8A91C8C7-2AF5-4236-B032-7C9C8D941943}.Release|Any CPU.Build.0 = Release|Any CPU
		{8A91C8C7-2AF5-4236-B032-7C9C8D941943}.Release|x64.ActiveCfg = Release|Any CPU
		{8A91C8C7-2AF5-4236-B032-7C9C8D941943}.Release|x64.Build.0 = Release|Any CPU
		{8A91C8C7-2AF5-4236-B032-7C9C8D941943}.Release|x86.ActiveCfg = Release|Any CPU
		{8A91C8C7-2AF5-4236-B032-7C9C8D941943}.Release|x86.Build.0 = Release|Any CPU
		{07834289-AEBE-443B-8B38-6F5692E94350}.Debug|Any CPU.ActiveCfg = Debug|Any CPU
		{07834289-AEBE-443B-8B38-6F5692E94350}.Debug|Any CPU.Build.0 = Debug|Any CPU
		{07834289-AEBE-443B-8B38-6F5692E94350}.Debug|x64.ActiveCfg = Debug|Any CPU
		{07834289-AEBE-443B-8B38-6F5692E94350}.Debug|x64.Build.0 = Debug|Any CPU
		{07834289-AEBE-443B-8B38-6F5692E94350}.Debug|x86.ActiveCfg = Debug|Any CPU
		{07834289-AEBE-443B-8B38-6F5692E94350}.Debug|x86.Build.0 = Debug|Any CPU
		{07834289-AEBE-443B-8B38-6F5692E94350}.Release|Any CPU.ActiveCfg = Release|Any CPU
		{07834289-AEBE-443B-8B38-6F5692E94350}.Release|Any CPU.Build.0 = Release|Any CPU
		{07834289-AEBE-443B-8B38-6F5692E94350}.Release|x64.ActiveCfg = Release|Any CPU
		{07834289-AEBE-443B-8B38-6F5692E94350}.Release|x64.Build.0 = Release|Any CPU
		{07834289-AEBE-443B-8B38-6F5692E94350}.Release|x86.ActiveCfg = Release|Any CPU
		{07834289-AEBE-443B-8B38-6F5692E94350}.Release|x86.Build.0 = Release|Any CPU
	EndGlobalSection
	GlobalSection(SolutionProperties) = preSolution
		HideSolutionNode = FALSE
	EndGlobalSection
	GlobalSection(NestedProjects) = preSolution
		{4E2AA925-4694-4593-ADBC-F349D269587A} = {87F6C079-CBD7-4866-BDEB-CBDEA9E51D2A}
		{1481BBD6-A6DA-4912-A03A-134880D14701} = {87F6C079-CBD7-4866-BDEB-CBDEA9E51D2A}
		{EBA3282F-7531-4747-9BB3-E4B1868B52B9} = {87F6C079-CBD7-4866-BDEB-CBDEA9E51D2A}
		{6C8EAE07-A1D8-4B47-A984-17A2477C1E0A} = {87F6C079-CBD7-4866-BDEB-CBDEA9E51D2A}
		{8A91C8C7-2AF5-4236-B032-7C9C8D941943} = {87F6C079-CBD7-4866-BDEB-CBDEA9E51D2A}
		{07834289-AEBE-443B-8B38-6F5692E94350} = {87F6C079-CBD7-4866-BDEB-CBDEA9E51D2A}
	EndGlobalSection
	GlobalSection(ExtensibilityGlobals) = postSolution
		SolutionGuid = {8CFD6033-FB8D-48BE-9628-9D83DC023CAB}
	EndGlobalSection
EndGlobal
